
Microsoft Visual Studio Solution File, Format Version 12.00
# Visual Studio Version 16
VisualStudioVersion = 16.0.32228.343
MinimumVisualStudioVersion = 10.0.40219.1
Project("{8BC9CEB8-8B4A-11D0-8D11-00A0C91BC942}") = "TCPEchoClient", "TCPEchoClient\TCPEchoClient.vcxproj", "{A0C60620-FF0D-465D-A1D4-98B698AE929B}"
EndProject
Global
	GlobalSection(SolutionConfigurationPlatforms) = preSolution
		Debug|x64 = Debug|x64
		Debug|x86 = Debug|x86
		Release|x64 = Release|x64
		Release|x86 = Release|x86
	EndGlobalSection
	GlobalSection(ProjectConfigurationPlatforms) = postSolution
		{A0C60620-FF0D-465D-A1D4-98B698AE929B}.Debug|x64.ActiveCfg = Debug|x64
		{A0C60620-FF0D-465D-A1D4-98B698AE929B}.Debug|x64.Build.0 = Debug|x64
		{A0C60620-FF0D-465D-A1D4-98B698AE929B}.Debug|x86.ActiveCfg = Debug|Win32
		{A0C60620-FF0D-465D-A1D4-98B698AE929B}.Debug|x86.Build.0 = Debug|Win32
		{A0C60620-FF0D-465D-A1D4-98B698AE929B}.Release|x64.ActiveCfg = Release|x64
		{A0C60620-FF0D-465D-A1D4-98B698AE929B}.Release|x64.Build.0 = Release|x64
		{A0C60620-FF0D-465D-A1D4-98B698AE929B}.Release|x86.ActiveCfg = Release|Win32
		{A0C60620-FF0D-465D-A1D4-98B698AE929B}.Release|x86.Build.0 = Release|Win32
	EndGlobalSection
	GlobalSection(SolutionProperties) = preSolution
		HideSolutionNode = FALSE
	EndGlobalSection
	GlobalSection(ExtensibilityGlobals) = postSolution
		SolutionGuid = {C4887BD8-CCE0-49A1-BC08-6663766676B4}
	EndGlobalSection
EndGlobal
